
Microsoft Visual Studio Solution File, Format Version 12.00
# Visual Studio Version 16
VisualStudioVersion = 16.0.29806.167
MinimumVisualStudioVersion = 10.0.40219.1
Project("{FAE04EC0-301F-11D3-BF4B-00C04F79EFBC}") = "GraphQL.API", "GraphQL.API\GraphQL.API.csproj", "{B59EF665-A586-404C-B727-1A5B05120D90}"
EndProject
Project("{FAE04EC0-301F-11D3-BF4B-00C04F79EFBC}") = "Database", "Database\Database.csproj", "{68B0756B-B739-4E07-9116-240D60390E51}"
EndProject
Project("{FAE04EC0-301F-11D3-BF4B-00C04F79EFBC}") = "DataAccess", "DataAccess\DataAccess.csproj", "{4D2D45CC-A484-41EE-B613-6CF6D7EC8127}"
EndProject
Project("{FAE04EC0-301F-11D3-BF4B-00C04F79EFBC}") = "GraphQL.Types", "GraphQL.Types\GraphQL.Types.csproj", "{CC1FEAF0-D7AD-4F65-A841-21E648A9B260}"
EndProject
Global
	GlobalSection(SolutionConfigurationPlatforms) = preSolution
		Debug|Any CPU = Debug|Any CPU
		Release|Any CPU = Release|Any CPU
	EndGlobalSection
	GlobalSection(ProjectConfigurationPlatforms) = postSolution
		{B59EF665-A586-404C-B727-1A5B05120D90}.Debug|Any CPU.ActiveCfg = Debug|Any CPU
		{B59EF665-A586-404C-B727-1A5B05120D90}.Debug|Any CPU.Build.0 = Debug|Any CPU
		{B59EF665-A586-404C-B727-1A5B05120D90}.Release|Any CPU.ActiveCfg = Release|Any CPU
		{B59EF665-A586-404C-B727-1A5B05120D90}.Release|Any CPU.Build.0 = Release|Any CPU
		{68B0756B-B739-4E07-9116-240D60390E51}.Debug|Any CPU.ActiveCfg = Debug|Any CPU
		{68B0756B-B739-4E07-9116-240D60390E51}.Debug|Any CPU.Build.0 = Debug|Any CPU
		{68B0756B-B739-4E07-9116-240D60390E51}.Release|Any CPU.ActiveCfg = Release|Any CPU
		{68B0756B-B739-4E07-9116-240D60390E51}.Release|Any CPU.Build.0 = Release|Any CPU
		{4D2D45CC-A484-41EE-B613-6CF6D7EC8127}.Debug|Any CPU.ActiveCfg = Debug|Any CPU
		{4D2D45CC-A484-41EE-B613-6CF6D7EC8127}.Debug|Any CPU.Build.0 = Debug|Any CPU
		{4D2D45CC-A484-41EE-B613-6CF6D7EC8127}.Release|Any CPU.ActiveCfg = Release|Any CPU
		{4D2D45CC-A484-41EE-B613-6CF6D7EC8127}.Release|Any CPU.Build.0 = Release|Any CPU
		{CC1FEAF0-D7AD-4F65-A841-21E648A9B260}.Debug|Any CPU.ActiveCfg = Debug|Any CPU
		{CC1FEAF0-D7AD-4F65-A841-21E648A9B260}.Debug|Any CPU.Build.0 = Debug|Any CPU
		{CC1FEAF0-D7AD-4F65-A841-21E648A9B260}.Release|Any CPU.ActiveCfg = Release|Any CPU
		{CC1FEAF0-D7AD-4F65-A841-21E648A9B260}.Release|Any CPU.Build.0 = Release|Any CPU
	EndGlobalSection
	GlobalSection(SolutionProperties) = preSolution
		HideSolutionNode = FALSE
	EndGlobalSection
	GlobalSection(ExtensibilityGlobals) = postSolution
		SolutionGuid = {922FABE9-8203-425D-82C4-7BBD15B75343}
	EndGlobalSection
EndGlobal
